
Microsoft Visual Studio Solution File, Format Version 12.00
# Visual Studio Version 16
VisualStudioVersion = 16.0.30523.141
MinimumVisualStudioVersion = 10.0.40219.1
Project("{9A19103F-16F7-4668-BE54-9A1E7A4F7556}") = "Infrastructure.Kafka", "Infrastructure.Kafka\Infrastructure.Kafka.csproj", "{97865B6E-5A1C-408B-9AA9-A527B8D88495}"
EndProject
Project("{2150E333-8FDC-42A3-9474-1A3956D46DE8}") = "_docker", "_docker", "{896E7918-4D31-4151-B172-E74A5385EFDD}"
	ProjectSection(SolutionItems) = preProject
		docker-compose.yml = docker-compose.yml
	EndProjectSection
EndProject
Project("{9A19103F-16F7-4668-BE54-9A1E7A4F7556}") = "Kafka.Contract", "Infrastructure.Kafka.Contract\Kafka.Contract.csproj", "{DB842340-831D-412A-948E-B9D4848CC81C}"
EndProject
Project("{9A19103F-16F7-4668-BE54-9A1E7A4F7556}") = "Kafka.ProducerApp", "Infrastructure.Kafka.ProducerApp\Kafka.ProducerApp.csproj", "{1F168FDD-EC0C-4684-8ACF-40FCD4ABAECF}"
EndProject
Project("{9A19103F-16F7-4668-BE54-9A1E7A4F7556}") = "Kafka.ConsumerApp", "Infrastructure.Kafka.ConsumerApp\Kafka.ConsumerApp.csproj", "{64E7A85B-27BA-4C6C-BA64-BCB2FFD65FFB}"
EndProject
Project("{2150E333-8FDC-42A3-9474-1A3956D46DE8}") = "Examples", "Examples", "{C579BCAB-1200-4153-8063-0AA57434D8AA}"
EndProject
Project("{2150E333-8FDC-42A3-9474-1A3956D46DE8}") = "Source", "Source", "{1DBAE7D1-8D2B-4104-B785-3EB65AC80C77}"
EndProject
Project("{9A19103F-16F7-4668-BE54-9A1E7A4F7556}") = "MassTransit.ProducerApp", "MassTransit.ProducerApp\MassTransit.ProducerApp.csproj", "{4B12F703-CF5F-4ABF-BA57-7DB0C590DB27}"
EndProject
Project("{9A19103F-16F7-4668-BE54-9A1E7A4F7556}") = "MassTransit.ConsumerApp", "MassTransit.ConsumerApp\MassTransit.ConsumerApp.csproj", "{449DC70A-2420-4219-A3F8-9ACB20D7FBE9}"
EndProject
Global
	GlobalSection(SolutionConfigurationPlatforms) = preSolution
		Debug|Any CPU = Debug|Any CPU
		Release|Any CPU = Release|Any CPU
	EndGlobalSection
	GlobalSection(ProjectConfigurationPlatforms) = postSolution
		{97865B6E-5A1C-408B-9AA9-A527B8D88495}.Debug|Any CPU.ActiveCfg = Debug|Any CPU
		{97865B6E-5A1C-408B-9AA9-A527B8D88495}.Debug|Any CPU.Build.0 = Debug|Any CPU
		{97865B6E-5A1C-408B-9AA9-A527B8D88495}.Release|Any CPU.ActiveCfg = Release|Any CPU
		{97865B6E-5A1C-408B-9AA9-A527B8D88495}.Release|Any CPU.Build.0 = Release|Any CPU
		{DB842340-831D-412A-948E-B9D4848CC81C}.Debug|Any CPU.ActiveCfg = Debug|Any CPU
		{DB842340-831D-412A-948E-B9D4848CC81C}.Debug|Any CPU.Build.0 = Debug|Any CPU
		{DB842340-831D-412A-948E-B9D4848CC81C}.Release|Any CPU.ActiveCfg = Release|Any CPU
		{DB842340-831D-412A-948E-B9D4848CC81C}.Release|Any CPU.Build.0 = Release|Any CPU
		{1F168FDD-EC0C-4684-8ACF-40FCD4ABAECF}.Debug|Any CPU.ActiveCfg = Debug|Any CPU
		{1F168FDD-EC0C-4684-8ACF-40FCD4ABAECF}.Debug|Any CPU.Build.0 = Debug|Any CPU
		{1F168FDD-EC0C-4684-8ACF-40FCD4ABAECF}.Release|Any CPU.ActiveCfg = Release|Any CPU
		{1F168FDD-EC0C-4684-8ACF-40FCD4ABAECF}.Release|Any CPU.Build.0 = Release|Any CPU
		{64E7A85B-27BA-4C6C-BA64-BCB2FFD65FFB}.Debug|Any CPU.ActiveCfg = Debug|Any CPU
		{64E7A85B-27BA-4C6C-BA64-BCB2FFD65FFB}.Debug|Any CPU.Build.0 = Debug|Any CPU
		{64E7A85B-27BA-4C6C-BA64-BCB2FFD65FFB}.Release|Any CPU.ActiveCfg = Release|Any CPU
		{64E7A85B-27BA-4C6C-BA64-BCB2FFD65FFB}.Release|Any CPU.Build.0 = Release|Any CPU
		{4B12F703-CF5F-4ABF-BA57-7DB0C590DB27}.Debug|Any CPU.ActiveCfg = Debug|Any CPU
		{4B12F703-CF5F-4ABF-BA57-7DB0C590DB27}.Debug|Any CPU.Build.0 = Debug|Any CPU
		{4B12F703-CF5F-4ABF-BA57-7DB0C590DB27}.Release|Any CPU.ActiveCfg = Release|Any CPU
		{4B12F703-CF5F-4ABF-BA57-7DB0C590DB27}.Release|Any CPU.Build.0 = Release|Any CPU
		{449DC70A-2420-4219-A3F8-9ACB20D7FBE9}.Debug|Any CPU.ActiveCfg = Debug|Any CPU
		{449DC70A-2420-4219-A3F8-9ACB20D7FBE9}.Debug|Any CPU.Build.0 = Debug|Any CPU
		{449DC70A-2420-4219-A3F8-9ACB20D7FBE9}.Release|Any CPU.ActiveCfg = Release|Any CPU
		{449DC70A-2420-4219-A3F8-9ACB20D7FBE9}.Release|Any CPU.Build.0 = Release|Any CPU
	EndGlobalSection
	GlobalSection(SolutionProperties) = preSolution
		HideSolutionNode = FALSE
	EndGlobalSection
	GlobalSection(NestedProjects) = preSolution
		{97865B6E-5A1C-408B-9AA9-A527B8D88495} = {1DBAE7D1-8D2B-4104-B785-3EB65AC80C77}
		{DB842340-831D-412A-948E-B9D4848CC81C} = {C579BCAB-1200-4153-8063-0AA57434D8AA}
		{1F168FDD-EC0C-4684-8ACF-40FCD4ABAECF} = {C579BCAB-1200-4153-8063-0AA57434D8AA}
		{64E7A85B-27BA-4C6C-BA64-BCB2FFD65FFB} = {C579BCAB-1200-4153-8063-0AA57434D8AA}
		{4B12F703-CF5F-4ABF-BA57-7DB0C590DB27} = {C579BCAB-1200-4153-8063-0AA57434D8AA}
		{449DC70A-2420-4219-A3F8-9ACB20D7FBE9} = {C579BCAB-1200-4153-8063-0AA57434D8AA}
	EndGlobalSection
	GlobalSection(ExtensibilityGlobals) = postSolution
		SolutionGuid = {48861D3D-B97F-43BB-84B9-ACA51C5E749F}
	EndGlobalSection
EndGlobal
